
Microsoft Visual Studio Solution File, Format Version 12.00
# Visual Studio Version 17
VisualStudioVersion = 17.4.33403.182
MinimumVisualStudioVersion = 10.0.40219.1
Project("{FAE04EC0-301F-11D3-BF4B-00C04F79EFBC}") = "Seagull2.ReimbursementV2.WebApp", "Seagull2.ReimbursementV2.WebApp.csproj", "{A7FC290C-6C00-41AB-999F-B73D62A0F980}"
EndProject
Global
	GlobalSection(SolutionConfigurationPlatforms) = preSolution
		Debug|Any CPU = Debug|Any CPU
		Release|Any CPU = Release|Any CPU
	EndGlobalSection
	GlobalSection(ProjectConfigurationPlatforms) = postSolution
		{A7FC290C-6C00-41AB-999F-B73D62A0F980}.Debug|Any CPU.ActiveCfg = Debug|Any CPU
		{A7FC290C-6C00-41AB-999F-B73D62A0F980}.Debug|Any CPU.Build.0 = Debug|Any CPU
		{A7FC290C-6C00-41AB-999F-B73D62A0F980}.Release|Any CPU.ActiveCfg = Release|Any CPU
		{A7FC290C-6C00-41AB-999F-B73D62A0F980}.Release|Any CPU.Build.0 = Release|Any CPU
	EndGlobalSection
	GlobalSection(SolutionProperties) = preSolution
		HideSolutionNode = FALSE
	EndGlobalSection
	GlobalSection(ExtensibilityGlobals) = postSolution
		SolutionGuid = {EB3431C4-6B54-448D-ADE8-4A0D3AF2E221}
	EndGlobalSection
EndGlobal
